
Microsoft Visual Studio Solution File, Format Version 12.00
# Visual Studio Version 16
VisualStudioVersion = 16.0.32630.194
MinimumVisualStudioVersion = 10.0.40219.1
Project("{E24C65DC-7377-472B-9ABA-BC803B73C61A}") = "WCFService1", "WCFService1\", "{4855AF55-3558-4248-8A13-0DE0981525A1}"
	ProjectSection(WebsiteProperties) = preProject
		TargetFrameworkMoniker = ".NETFramework,Version%3Dv4.8"
		Debug.AspNetCompiler.VirtualPath = "/localhost_63489"
		Debug.AspNetCompiler.PhysicalPath = "WCFService1\"
		Debug.AspNetCompiler.TargetPath = "PrecompiledWeb\localhost_63489\"
		Debug.AspNetCompiler.Updateable = "true"
		Debug.AspNetCompiler.ForceOverwrite = "true"
		Debug.AspNetCompiler.FixedNames = "false"
		Debug.AspNetCompiler.Debug = "True"
		Release.AspNetCompiler.VirtualPath = "/localhost_63489"
		Release.AspNetCompiler.PhysicalPath = "WCFService1\"
		Release.AspNetCompiler.TargetPath = "PrecompiledWeb\localhost_63489\"
		Release.AspNetCompiler.Updateable = "true"
		Release.AspNetCompiler.ForceOverwrite = "true"
		Release.AspNetCompiler.FixedNames = "false"
		Release.AspNetCompiler.Debug = "False"
		VWDPort = "63489"
		SlnRelativePath = "WCFService1\"
		DefaultWebSiteLanguage = "Visual C#"
	EndProjectSection
EndProject
Global
	GlobalSection(SolutionConfigurationPlatforms) = preSolution
		Debug|Any CPU = Debug|Any CPU
	EndGlobalSection
	GlobalSection(ProjectConfigurationPlatforms) = postSolution
		{4855AF55-3558-4248-8A13-0DE0981525A1}.Debug|Any CPU.ActiveCfg = Debug|Any CPU
		{4855AF55-3558-4248-8A13-0DE0981525A1}.Debug|Any CPU.Build.0 = Debug|Any CPU
	EndGlobalSection
	GlobalSection(SolutionProperties) = preSolution
		HideSolutionNode = FALSE
	EndGlobalSection
	GlobalSection(ExtensibilityGlobals) = postSolution
		SolutionGuid = {5DE9DBF0-FE10-48AD-9369-1B6A6EB017E8}
	EndGlobalSection
EndGlobal
